// !$*UTF8*$!
{
	archiveVersion = 1;
	classes = {
	};
	objectVersion = 55;
	objects = {

/* Begin PBXBuildFile section */
		4E9A55E327AB4D66006B853E /* AppDelegate.swift in Sources */ = {isa = PBXBuildFile; fileRef = 4E9A55E227AB4D66006B853E /* AppDelegate.swift */; };
		4E9A55E527AB4D66006B853E /* SceneDelegate.swift in Sources */ = {isa = PBXBuildFile; fileRef = 4E9A55E427AB4D66006B853E /* SceneDelegate.swift */; };
		4E9A55E727AB4D66006B853E /* ViewController.swift in Sources */ = {isa = PBXBuildFile; fileRef = 4E9A55E627AB4D66006B853E /* ViewController.swift */; };
		4E9A55EA27AB4D66006B853E /* Main.storyboard in Resources */ = {isa = PBXBuildFile; fileRef = 4E9A55E827AB4D66006B853E /* Main.storyboard */; };
		4E9A55EC27AB4D67006B853E /* Assets.xcassets in Resources */ = {isa = PBXBuildFile; fileRef = 4E9A55EB27AB4D67006B853E /* Assets.xcassets */; };
		4E9A55EF27AB4D67006B853E /* LaunchScreen.storyboard in Resources */ = {isa = PBXBuildFile; fileRef = 4E9A55ED27AB4D67006B853E /* LaunchScreen.storyboard */; };
		4E9A55FA27AB4D67006B853E /* FlixNewTests.swift in Sources */ = {isa = PBXBuildFile; fileRef = 4E9A55F927AB4D67006B853E /* FlixNewTests.swift */; };
		4E9A560427AB4D67006B853E /* FlixNewUITests.swift in Sources */ = {isa = PBXBuildFile; fileRef = 4E9A560327AB4D67006B853E /* FlixNewUITests.swift */; };
		4E9A560627AB4D67006B853E /* FlixNewUITestsLaunchTests.swift in Sources */ = {isa = PBXBuildFile; fileRef = 4E9A560527AB4D67006B853E /* FlixNewUITestsLaunchTests.swift */; };
/* End PBXBuildFile section */

/* Begin PBXContainerItemProxy section */
		4E9A55F627AB4D67006B853E /* PBXContainerItemProxy */ = {
			isa = PBXContainerItemProxy;
			containerPortal = 4E9A55D727AB4D66006B853E /* Project object */;
			proxyType = 1;
			remoteGlobalIDString = 4E9A55DE27AB4D66006B853E;
			remoteInfo = FlixNew;
		};
		4E9A560027AB4D67006B853E /* PBXContainerItemProxy */ = {
			isa = PBXContainerItemProxy;
			containerPortal = 4E9A55D727AB4D66006B853E /* Project object */;
			proxyType = 1;
			remoteGlobalIDString = 4E9A55DE27AB4D66006B853E;
			remoteInfo = FlixNew;
		};
/* End PBXContainerItemProxy section */

/* Begin PBXFileReference section */
		4E9A55DF27AB4D66006B853E /* FlixNew.app */ = {isa = PBXFileReference; explicitFileType = wrapper.application; includeInIndex = 0; path = FlixNew.app; sourceTree = BUILT_PRODUCTS_DIR; };
		4E9A55E227AB4D66006B853E /* AppDelegate.swift */ = {isa = PBXFileReference; lastKnownFileType = sourcecode.swift; path = AppDelegate.swift; sourceTree = "<group>"; };
		4E9A55E427AB4D66006B853E /* SceneDelegate.swift */ = {isa = PBXFileReference; lastKnownFileType = sourcecode.swift; path = SceneDelegate.swift; sourceTree = "<group>"; };
		4E9A55E627AB4D66006B853E /* ViewController.swift */ = {isa = PBXFileReference; lastKnownFileType = sourcecode.swift; path = ViewController.swift; sourceTree = "<group>"; };
		4E9A55E927AB4D66006B853E /* Base */ = {isa = PBXFileReference; lastKnownFileType = file.storyboard; name = Base; path = Base.lproj/Main.storyboard; sourceTree = "<group>"; };
		4E9A55EB27AB4D67006B853E /* Assets.xcassets */ = {isa = PBXFileReference; lastKnownFileType = folder.assetcatalog; path = Assets.xcassets; sourceTree = "<group>"; };
		4E9A55EE27AB4D67006B853E /* Base */ = {isa = PBXFileReference; lastKnownFileType = file.storyboard; name = Base; path = Base.lproj/LaunchScreen.storyboard; sourceTree = "<group>"; };
		4E9A55F027AB4D67006B853E /* Info.plist */ = {isa = PBXFileReference; lastKnownFileType = text.plist.xml; path = Info.plist; sourceTree = "<group>"; };
		4E9A55F527AB4D67006B853E /* FlixNewTests.xctest */ = {isa = PBXFileReference; explicitFileType = wrapper.cfbundle; includeInIndex = 0; path = FlixNewTests.xctest; sourceTree = BUILT_PRODUCTS_DIR; };
		4E9A55F927AB4D67006B853E /* FlixNewTests.swift */ = {isa = PBXFileReference; lastKnownFileType = sourcecode.swift; path = FlixNewTests.swift; sourceTree = "<group>"; };
		4E9A55FF27AB4D67006B853E /* FlixNewUITests.xctest */ = {isa = PBXFileReference; explicitFileType = wrapper.cfbundle; includeInIndex = 0; path = FlixNewUITests.xctest; sourceTree = BUILT_PRODUCTS_DIR; };
		4E9A560327AB4D67006B853E /* FlixNewUITests.swift */ = {isa = PBXFileReference; lastKnownFileType = sourcecode.swift; path = FlixNewUITests.swift; sourceTree = "<group>"; };
		4E9A560527AB4D67006B853E /* FlixNewUITestsLaunchTests.swift */ = {isa = PBXFileReference; lastKnownFileType = sourcecode.swift; path = FlixNewUITestsLaunchTests.swift; sourceTree = "<group>"; };
/* End PBXFileReference section */

/* Begin PBXFrameworksBuildPhase section */
		4E9A55DC27AB4D66006B853E /* Frameworks */ = {
			isa = PBXFrameworksBuildPhase;
			buildActionMask = 2147483647;
			files = (
			);
			runOnlyForDeploymentPostprocessing = 0;
		};
		4E9A55F227AB4D67006B853E /* Frameworks */ = {
			isa = PBXFrameworksBuildPhase;
			buildActionMask = 2147483647;
			files = (
			);
			runOnlyForDeploymentPostprocessing = 0;
		};
		4E9A55FC27AB4D67006B853E /* Frameworks */ = {
			isa = PBXFrameworksBuildPhase;
			buildActionMask = 2147483647;
			files = (
			);
			runOnlyForDeploymentPostprocessing = 0;
		};
/* End PBXFrameworksBuildPhase section */

/* Begin PBXGroup section */
		4E9A55D627AB4D66006B853E = {
			isa = PBXGroup;
			children = (
				4E9A55E127AB4D66006B853E /* FlixNew */,
				4E9A55F827AB4D67006B853E /* FlixNewTests */,
				4E9A560227AB4D67006B853E /* FlixNewUITests */,
				4E9A55E027AB4D66006B853E /* Products */,
			);
			sourceTree = "<group>";
		};
		4E9A55E027AB4D66006B853E /* Products */ = {
			isa = PBXGroup;
			children = (
				4E9A55DF27AB4D66006B853E /* FlixNew.app */,
				4E9A55F527AB4D67006B853E /* FlixNewTests.xctest */,
				4E9A55FF27AB4D67006B853E /* FlixNewUITests.xctest */,
			);
			name = Products;
			sourceTree = "<group>";
		};
		4E9A55E127AB4D66006B853E /* FlixNew */ = {
			isa = PBXGroup;
			children = (
				4E9A55E227AB4D66006B853E /* AppDelegate.swift */,
				4E9A55E427AB4D66006B853E /* SceneDelegate.swift */,
				4E9A55E627AB4D66006B853E /* ViewController.swift */,
				4E9A55E827AB4D66006B853E /* Main.storyboard */,
				4E9A55EB27AB4D67006B853E /* Assets.xcassets */,
				4E9A55ED27AB4D67006B853E /* LaunchScreen.storyboard */,
				4E9A55F027AB4D67006B853E /* Info.plist */,
			);
			path = FlixNew;
			sourceTree = "<group>";
		};
		4E9A55F827AB4D67006B853E /* FlixNewTests */ = {
			isa = PBXGroup;
			children = (
				4E9A55F927AB4D67006B853E /* FlixNewTests.swift */,
			);
			path = FlixNewTests;
			sourceTree = "<group>";
		};
		4E9A560227AB4D67006B853E /* FlixNewUITests */ = {
			isa = PBXGroup;
			children = (
				4E9A560327AB4D67006B853E /* FlixNewUITests.swift */,
				4E9A560527AB4D67006B853E /* FlixNewUITestsLaunchTests.swift */,
			);
			path = FlixNewUITests;
			sourceTree = "<group>";
		};
/* End PBXGroup section */

/* Begin PBXNativeTarget section */
		4E9A55DE27AB4D66006B853E /* FlixNew */ = {
			isa = PBXNativeTarget;
			buildConfigurationList = 4E9A560927AB4D67006B853E /* Build configuration list for PBXNativeTarget "FlixNew" */;
			buildPhases = (
				4E9A55DB27AB4D66006B853E /* Sources */,
				4E9A55DC27AB4D66006B853E /* Frameworks */,
				4E9A55DD27AB4D66006B853E /* Resources */,
			);
			buildRules = (
			);
			dependencies = (
			);
			name = FlixNew;
			productName = FlixNew;
			productReference = 4E9A55DF27AB4D66006B853E /* FlixNew.app */;
			productType = "com.apple.product-type.application";
		};
		4E9A55F427AB4D67006B853E /* FlixNewTests */ = {
			isa = PBXNativeTarget;
			buildConfigurationList = 4E9A560C27AB4D67006B853E /* Build configuration list for PBXNativeTarget "FlixNewTests" */;
			buildPhases = (
				4E9A55F127AB4D67006B853E /* Sources */,
				4E9A55F227AB4D67006B853E /* Frameworks */,
				4E9A55F327AB4D67006B853E /* Resources */,
			);
			buildRules = (
			);
			dependencies = (
				4E9A55F727AB4D67006B853E /* PBXTargetDependency */,
			);
			name = FlixNewTests;
			productName = FlixNewTests;
			productReference = 4E9A55F527AB4D67006B853E /* FlixNewTests.xctest */;
			productType = "com.apple.product-type.bundle.unit-test";
		};
		4E9A55FE27AB4D67006B853E /* FlixNewUITests */ = {
			isa = PBXNativeTarget;
			buildConfigurationList = 4E9A560F27AB4D67006B853E /* Build configuration list for PBXNativeTarget "FlixNewUITests" */;
			buildPhases = (
				4E9A55FB27AB4D67006B853E /* Sources */,
				4E9A55FC27AB4D67006B853E /* Frameworks */,
				4E9A55FD27AB4D67006B853E /* Resources */,
			);
			buildRules = (
			);
			dependencies = (
				4E9A560127AB4D67006B853E /* PBXTargetDependency */,
			);
			name = FlixNewUITests;
			productName = FlixNewUITests;
			productReference = 4E9A55FF27AB4D67006B853E /* FlixNewUITests.xctest */;
			productType = "com.apple.product-type.bundle.ui-testing";
		};
/* End PBXNativeTarget section */

/* Begin PBXProject section */
		4E9A55D727AB4D66006B853E /* Project object */ = {
			isa = PBXProject;
			attributes = {
				BuildIndependentTargetsInParallel = 1;
				LastSwiftUpdateCheck = 1320;
				LastUpgradeCheck = 1320;
				TargetAttributes = {
					4E9A55DE27AB4D66006B853E = {
						CreatedOnToolsVersion = 13.2.1;
					};
					4E9A55F427AB4D67006B853E = {
						CreatedOnToolsVersion = 13.2.1;
						TestTargetID = 4E9A55DE27AB4D66006B853E;
					};
					4E9A55FE27AB4D67006B853E = {
						CreatedOnToolsVersion = 13.2.1;
						TestTargetID = 4E9A55DE27AB4D66006B853E;
					};
				};
			};
			buildConfigurationList = 4E9A55DA27AB4D66006B853E /* Build configuration list for PBXProject "FlixNew" */;
			compatibilityVersion = "Xcode 13.0";
			developmentRegion = en;
			hasScannedForEncodings = 0;
			knownRegions = (
				en,
				Base,
			);
			mainGroup = 4E9A55D627AB4D66006B853E;
			productRefGroup = 4E9A55E027AB4D66006B853E /* Products */;
			projectDirPath = "";
			projectRoot = "";
			targets = (
				4E9A55DE27AB4D66006B853E /* FlixNew */,
				4E9A55F427AB4D67006B853E /* FlixNewTests */,
				4E9A55FE27AB4D67006B853E /* FlixNewUITests */,
			);
		};
/* End PBXProject section */

/* Begin PBXResourcesBuildPhase section */
		4E9A55DD27AB4D66006B853E /* Resources */ = {
			isa = PBXResourcesBuildPhase;
			buildActionMask = 2147483647;
			files = (
				4E9A55EF27AB4D67006B853E /* LaunchScreen.storyboard in Resources */,
				4E9A55EC27AB4D67006B853E /* Assets.xcassets in Resources */,
				4E9A55EA27AB4D66006B853E /* Main.storyboard in Resources */,
			);
			runOnlyForDeploymentPostprocessing = 0;
		};
		4E9A55F327AB4D67006B853E /* Resources */ = {
			isa = PBXResourcesBuildPhase;
			buildActionMask = 2147483647;
			files = (
			);
			runOnlyForDeploymentPostprocessing = 0;
		};
		4E9A55FD27AB4D67006B853E /* Resources */ = {
			isa = PBXResourcesBuildPhase;
			buildActionMask = 2147483647;
			files = (
			);
			runOnlyForDeploymentPostprocessing = 0;
		};
/* End PBXResourcesBuildPhase section */

/* Begin PBXSourcesBuildPhase section */
		4E9A55DB27AB4D66006B853E /* Sources */ = {
			isa = PBXSourcesBuildPhase;
			buildActionMask = 2147483647;
			files = (
				4E9A55E727AB4D66006B853E /* ViewController.swift in Sources */,
				4E9A55E327AB4D66006B853E /* AppDelegate.swift in Sources */,
				4E9A55E527AB4D66006B853E /* SceneDelegate.swift in Sources */,
			);
			runOnlyForDeploymentPostprocessing = 0;
		};
		4E9A55F127AB4D67006B853E /* Sources */ = {
			isa = PBXSourcesBuildPhase;
			buildActionMask = 2147483647;
			files = (
				4E9A55FA27AB4D67006B853E /* FlixNewTests.swift in Sources */,
			);
			runOnlyForDeploymentPostprocessing = 0;
		};
		4E9A55FB27AB4D67006B853E /* Sources */ = {
			isa = PBXSourcesBuildPhase;
			buildActionMask = 2147483647;
			files = (
				4E9A560627AB4D67006B853E /* FlixNewUITestsLaunchTests.swift in Sources */,
				4E9A560427AB4D67006B853E /* FlixNewUITests.swift in Sources */,
			);
			runOnlyForDeploymentPostprocessing = 0;
		};
/* End PBXSourcesBuildPhase section */

/* Begin PBXTargetDependency section */
		4E9A55F727AB4D67006B853E /* PBXTargetDependency */ = {
			isa = PBXTargetDependency;
			target = 4E9A55DE27AB4D66006B853E /* FlixNew */;
			targetProxy = 4E9A55F627AB4D67006B853E /* PBXContainerItemProxy */;
		};
		4E9A560127AB4D67006B853E /* PBXTargetDependency */ = {
			isa = PBXTargetDependency;
			target = 4E9A55DE27AB4D66006B853E /* FlixNew */;
			targetProxy = 4E9A560027AB4D67006B853E /* PBXContainerItemProxy */;
		};
/* End PBXTargetDependency section */

/* Begin PBXVariantGroup section */
		4E9A55E827AB4D66006B853E /* Main.storyboard */ = {
			isa = PBXVariantGroup;
			children = (
				4E9A55E927AB4D66006B853E /* Base */,
			);
			name = Main.storyboard;
			sourceTree = "<group>";
		};
		4E9A55ED27AB4D67006B853E /* LaunchScreen.storyboard */ = {
			isa = PBXVariantGroup;
			children = (
				4E9A55EE27AB4D67006B853E /* Base */,
			);
			name = LaunchScreen.storyboard;
			sourceTree = "<group>";
		};
/* End PBXVariantGroup section */

/* Begin XCBuildConfiguration section */
		4E9A560727AB4D67006B853E /* Debug */ = {
			isa = XCBuildConfiguration;
			buildSettings = {
				ALWAYS_SEARCH_USER_PATHS = NO;
				CLANG_ANALYZER_NONNULL = YES;
				CLANG_ANALYZER_NUMBER_OBJECT_CONVERSION = YES_AGGRESSIVE;
				CLANG_CXX_LANGUAGE_STANDARD = "gnu++17";
				CLANG_CXX_LIBRARY = "libc++";
				CLANG_ENABLE_MODULES = YES;
				CLANG_ENABLE_OBJC_ARC = YES;
				CLANG_ENABLE_OBJC_WEAK = YES;
				CLANG_WARN_BLOCK_CAPTURE_AUTORELEASING = YES;
				CLANG_WARN_BOOL_CONVERSION = YES;
				CLANG_WARN_COMMA = YES;
				CLANG_WARN_CONSTANT_CONVERSION = YES;
				CLANG_WARN_DEPRECATED_OBJC_IMPLEMENTATIONS = YES;
				CLANG_WARN_DIRECT_OBJC_ISA_USAGE = YES_ERROR;
				CLANG_WARN_DOCUMENTATION_COMMENTS = YES;
				CLANG_WARN_EMPTY_BODY = YES;
				CLANG_WARN_ENUM_CONVERSION = YES;
				CLANG_WARN_INFINITE_RECURSION = YES;
				CLANG_WARN_INT_CONVERSION = YES;
				CLANG_WARN_NON_LITERAL_NULL_CONVERSION = YES;
				CLANG_WARN_OBJC_IMPLICIT_RETAIN_SELF = YES;
				CLANG_WARN_OBJC_LITERAL_CONVERSION = YES;
				CLANG_WARN_OBJC_ROOT_CLASS = YES_ERROR;
				CLANG_WARN_QUOTED_INCLUDE_IN_FRAMEWORK_HEADER = YES;
				CLANG_WARN_RANGE_LOOP_ANALYSIS = YES;
				CLANG_WARN_STRICT_PROTOTYPES = YES;
				CLANG_WARN_SUSPICIOUS_MOVE = YES;
				CLANG_WARN_UNGUARDED_AVAILABILITY = YES_AGGRESSIVE;
				CLANG_WARN_UNREACHABLE_CODE = YES;
				CLANG_WARN__DUPLICATE_METHOD_MATCH = YES;
				COPY_PHASE_STRIP = NO;
				DEBUG_INFORMATION_FORMAT = dwarf;
				ENABLE_STRICT_OBJC_MSGSEND = YES;
				ENABLE_TESTABILITY = YES;
				GCC_C_LANGUAGE_STANDARD = gnu11;
				GCC_DYNAMIC_NO_PIC = NO;
				GCC_NO_COMMON_BLOCKS = YES;
				GCC_OPTIMIZATION_LEVEL = 0;
				GCC_PREPROCESSOR_DEFINITIONS = (
					"DEBUG=1",
					"$(inherited)",
				);
				GCC_WARN_64_TO_32_BIT_CONVERSION = YES;
				GCC_WARN_ABOUT_RETURN_TYPE = YES_ERROR;
				GCC_WARN_UNDECLARED_SELECTOR = YES;
				GCC_WARN_UNINITIALIZED_AUTOS = YES_AGGRESSIVE;
				GCC_WARN_UNUSED_FUNCTION = YES;
				GCC_WARN_UNUSED_VARIABLE = YES;
				IPHONEOS_DEPLOYMENT_TARGET = 15.2;
				MTL_ENABLE_DEBUG_INFO = INCLUDE_SOURCE;
				MTL_FAST_MATH = YES;
				ONLY_ACTIVE_ARCH = YES;
				SDKROOT = iphoneos;
				SWIFT_ACTIVE_COMPILATION_CONDITIONS = DEBUG;
				SWIFT_OPTIMIZATION_LEVEL = "-Onone";
			};
			name = Debug;
		};
		4E9A560827AB4D67006B853E /* Release */ = {
			isa = XCBuildConfiguration;
			buildSettings = {
				ALWAYS_SEARCH_USER_PATHS = NO;
				CLANG_ANALYZER_NONNULL = YES;
				CLANG_ANALYZER_NUMBER_OBJECT_CONVERSION = YES_AGGRESSIVE;
				CLANG_CXX_LANGUAGE_STANDARD = "gnu++17";
				CLANG_CXX_LIBRARY = "libc++";
				CLANG_ENABLE_MODULES = YES;
				CLANG_ENABLE_OBJC_ARC = YES;
				CLANG_ENABLE_OBJC_WEAK = YES;
				CLANG_WARN_BLOCK_CAPTURE_AUTORELEASING = YES;
				CLANG_WARN_BOOL_CONVERSION = YES;
				CLANG_WARN_COMMA = YES;
				CLANG_WARN_CONSTANT_CONVERSION = YES;
				CLANG_WARN_DEPRECATED_OBJC_IMPLEMENTATIONS = YES;
				CLANG_WARN_DIRECT_OBJC_ISA_USAGE = YES_ERROR;
				CLANG_WARN_DOCUMENTATION_COMMENTS = YES;
				CLANG_WARN_EMPTY_BODY = YES;
				CLANG_WARN_ENUM_CONVERSION = YES;
				CLANG_WARN_INFINITE_RECURSION = YES;
				CLANG_WARN_INT_CONVERSION = YES;
				CLANG_WARN_NON_LITERAL_NULL_CONVERSION = YES;
				CLANG_WARN_OBJC_IMPLICIT_RETAIN_SELF = YES;
				CLANG_WARN_OBJC_LITERAL_CONVERSION = YES;
				CLANG_WARN_OBJC_ROOT_CLASS = YES_ERROR;
				CLANG_WARN_QUOTED_INCLUDE_IN_FRAMEWORK_HEADER = YES;
				CLANG_WARN_RANGE_LOOP_ANALYSIS = YES;
				CLANG_WARN_STRICT_PROTOTYPES = YES;
				CLANG_WARN_SUSPICIOUS_MOVE = YES;
				CLANG_WARN_UNGUARDED_AVAILABILITY = YES_AGGRESSIVE;
				CLANG_WARN_UNREACHABLE_CODE = YES;
				CLANG_WARN__DUPLICATE_METHOD_MATCH = YES;
				COPY_PHASE_STRIP = NO;
				DEBUG_INFORMATION_FORMAT = "dwarf-with-dsym";
				ENABLE_NS_ASSERTIONS = NO;
				ENABLE_STRICT_OBJC_MSGSEND = YES;
				GCC_C_LANGUAGE_STANDARD = gnu11;
				GCC_NO_COMMON_BLOCKS = YES;
				GCC_WARN_64_TO_32_BIT_CONVERSION = YES;
				GCC_WARN_ABOUT_RETURN_TYPE = YES_ERROR;
				GCC_WARN_UNDECLARED_SELECTOR = YES;
				GCC_WARN_UNINITIALIZED_AUTOS = YES_AGGRESSIVE;
				GCC_WARN_UNUSED_FUNCTION = YES;
				GCC_WARN_UNUSED_VARIABLE = YES;
				IPHONEOS_DEPLOYMENT_TARGET = 15.2;
				MTL_ENABLE_DEBUG_INFO = NO;
				MTL_FAST_MATH = YES;
				SDKROOT = iphoneos;
				SWIFT_COMPILATION_MODE = wholemodule;
				SWIFT_OPTIMIZATION_LEVEL = "-O";
				VALIDATE_PRODUCT = YES;
			};
			name = Release;
		};
		4E9A560A27AB4D67006B853E /* Debug */ = {
			isa = XCBuildConfiguration;
			buildSettings = {
				ASSETCATALOG_COMPILER_APPICON_NAME = AppIcon;
				ASSETCATALOG_COMPILER_GLOBAL_ACCENT_COLOR_NAME = AccentColor;
				CODE_SIGN_STYLE = Automatic;
				CURRENT_PROJECT_VERSION = 1;
				DEVELOPMENT_TEAM = AL6X7TB5SD;
				GENERATE_INFOPLIST_FILE = YES;
				INFOPLIST_FILE = FlixNew/Info.plist;
				INFOPLIST_KEY_UIApplicationSupportsIndirectInputEvents = YES;
				INFOPLIST_KEY_UILaunchStoryboardName = LaunchScreen;
				INFOPLIST_KEY_UIMainStoryboardFile = Main;
				INFOPLIST_KEY_UISupportedInterfaceOrientations_iPad = "UIInterfaceOrientationPortrait UIInterfaceOrientationPortraitUpsideDown UIInterfaceOrientationLandscapeLeft UIInterfaceOrientationLandscapeRight";
				INFOPLIST_KEY_UISupportedInterfaceOrientations_iPhone = "UIInterfaceOrientationPortrait UIInterfaceOrientationLandscapeLeft UIInterfaceOrientationLandscapeRight";
				LD_RUNPATH_SEARCH_PATHS = (
					"$(inherited)",
					"@executable_path/Frameworks",
				);
				MARKETING_VERSION = 1.0;
				PRODUCT_BUNDLE_IDENTIFIER = com.hoaquach.FlixNew;
				PRODUCT_NAME = "$(TARGET_NAME)";
				SWIFT_EMIT_LOC_STRINGS = YES;
				SWIFT_VERSION = 5.0;
				TARGETED_DEVICE_FAMILY = "1,2";
			};
			name = Debug;
		};
		4E9A560B27AB4D67006B853E /* Release */ = {
			isa = XCBuildConfiguration;
			buildSettings = {
				ASSETCATALOG_COMPILER_APPICON_NAME = AppIcon;
				ASSETCATALOG_COMPILER_GLOBAL_ACCENT_COLOR_NAME = AccentColor;
				CODE_SIGN_STYLE = Automatic;
				CURRENT_PROJECT_VERSION = 1;
				DEVELOPMENT_TEAM = AL6X7TB5SD;
				GENERATE_INFOPLIST_FILE = YES;
				INFOPLIST_FILE = FlixNew/Info.plist;
				INFOPLIST_KEY_UIApplicationSupportsIndirectInputEvents = YES;
				INFOPLIST_KEY_UILaunchStoryboardName = LaunchScreen;
				INFOPLIST_KEY_UIMainStoryboardFile = Main;
				INFOPLIST_KEY_UISupportedInterfaceOrientations_iPad = "UIInterfaceOrientationPortrait UIInterfaceOrientationPortraitUpsideDown UIInterfaceOrientationLandscapeLeft UIInterfaceOrientationLandscapeRight";
				INFOPLIST_KEY_UISupportedInterfaceOrientations_iPhone = "UIInterfaceOrientationPortrait UIInterfaceOrientationLandscapeLeft UIInterfaceOrientationLandscapeRight";
				LD_RUNPATH_SEARCH_PATHS = (
					"$(inherited)",
					"@executable_path/Frameworks",
				);
				MARKETING_VERSION = 1.0;
				PRODUCT_BUNDLE_IDENTIFIER = com.hoaquach.FlixNew;
				PRODUCT_NAME = "$(TARGET_NAME)";
				SWIFT_EMIT_LOC_STRINGS = YES;
				SWIFT_VERSION = 5.0;
				TARGETED_DEVICE_FAMILY = "1,2";
			};
			name = Release;
		};
		4E9A560D27AB4D67006B853E /* Debug */ = {
			isa = XCBuildConfiguration;
			buildSettings = {
				ALWAYS_EMBED_SWIFT_STANDARD_LIBRARIES = YES;
				BUNDLE_LOADER = "$(TEST_HOST)";
				CODE_SIGN_STYLE = Automatic;
				CURRENT_PROJECT_VERSION = 1;
				DEVELOPMENT_TEAM = AL6X7TB5SD;
				GENERATE_INFOPLIST_FILE = YES;
				IPHONEOS_DEPLOYMENT_TARGET = 15.2;
				MARKETING_VERSION = 1.0;
				PRODUCT_BUNDLE_IDENTIFIER = com.hoaquach.FlixNewTests;
				PRODUCT_NAME = "$(TARGET_NAME)";
				SWIFT_EMIT_LOC_STRINGS = NO;
				SWIFT_VERSION = 5.0;
				TARGETED_DEVICE_FAMILY = "1,2";
				TEST_HOST = "$(BUILT_PRODUCTS_DIR)/FlixNew.app/FlixNew";
			};
			name = Debug;
		};
		4E9A560E27AB4D67006B853E /* Release */ = {
			isa = XCBuildConfiguration;
			buildSettings = {
				ALWAYS_EMBED_SWIFT_STANDARD_LIBRARIES = YES;
				BUNDLE_LOADER = "$(TEST_HOST)";
				CODE_SIGN_STYLE = Automatic;
				CURRENT_PROJECT_VERSION = 1;
				DEVELOPMENT_TEAM = AL6X7TB5SD;
				GENERATE_INFOPLIST_FILE = YES;
				IPHONEOS_DEPLOYMENT_TARGET = 15.2;
				MARKETING_VERSION = 1.0;
				PRODUCT_BUNDLE_IDENTIFIER = com.hoaquach.FlixNewTests;
				PRODUCT_NAME = "$(TARGET_NAME)";
				SWIFT_EMIT_LOC_STRINGS = NO;
				SWIFT_VERSION = 5.0;
				TARGETED_DEVICE_FAMILY = "1,2";
				TEST_HOST = "$(BUILT_PRODUCTS_DIR)/FlixNew.app/FlixNew";
			};
			name = Release;
		};
		4E9A561027AB4D67006B853E /* Debug */ = {
			isa = XCBuildConfiguration;
			buildSettings = {
				ALWAYS_EMBED_SWIFT_STANDARD_LIBRARIES = YES;
				CODE_SIGN_STYLE = Automatic;
				CURRENT_PROJECT_VERSION = 1;
				DEVELOPMENT_TEAM = AL6X7TB5SD;
				GENERATE_INFOPLIST_FILE = YES;
				MARKETING_VERSION = 1.0;
				PRODUCT_BUNDLE_IDENTIFIER = com.hoaquach.FlixNewUITests;
				PRODUCT_NAME = "$(TARGET_NAME)";
				SWIFT_EMIT_LOC_STRINGS = NO;
				SWIFT_VERSION = 5.0;
				TARGETED_DEVICE_FAMILY = "1,2";
				TEST_TARGET_NAME = FlixNew;
			};
			name = Debug;
		};
		4E9A561127AB4D67006B853E /* Release */ = {
			isa = XCBuildConfiguration;
			buildSettings = {
				ALWAYS_EMBED_SWIFT_STANDARD_LIBRARIES = YES;
				CODE_SIGN_STYLE = Automatic;
				CURRENT_PROJECT_VERSION = 1;
				DEVELOPMENT_TEAM = AL6X7TB5SD;
				GENERATE_INFOPLIST_FILE = YES;
				MARKETING_VERSION = 1.0;
				PRODUCT_BUNDLE_IDENTIFIER = com.hoaquach.FlixNewUITests;
				PRODUCT_NAME = "$(TARGET_NAME)";
				SWIFT_EMIT_LOC_STRINGS = NO;
				SWIFT_VERSION = 5.0;
				TARGETED_DEVICE_FAMILY = "1,2";
				TEST_TARGET_NAME = FlixNew;
			};
			name = Release;
		};
/* End XCBuildConfiguration section */

/* Begin XCConfigurationList section */
		4E9A55DA27AB4D66006B853E /* Build configuration list for PBXProject "FlixNew" */ = {
			isa = XCConfigurationList;
			buildConfigurations = (
				4E9A560727AB4D67006B853E /* Debug */,
				4E9A560827AB4D67006B853E /* Release */,
			);
			defaultConfigurationIsVisible = 0;
			defaultConfigurationName = Release;
		};
		4E9A560927AB4D67006B853E /* Build configuration list for PBXNativeTarget "FlixNew" */ = {
			isa = XCConfigurationList;
			buildConfigurations = (
				4E9A560A27AB4D67006B853E /* Debug */,
				4E9A560B27AB4D67006B853E /* Release */,
			);
			defaultConfigurationIsVisible = 0;
			defaultConfigurationName = Release;
		};
		4E9A560C27AB4D67006B853E /* Build configuration list for PBXNativeTarget "FlixNewTests" */ = {
			isa = XCConfigurationList;
			buildConfigurations = (
				4E9A560D27AB4D67006B853E /* Debug */,
				4E9A560E27AB4D67006B853E /* Release */,
			);
			defaultConfigurationIsVisible = 0;
			defaultConfigurationName = Release;
		};
		4E9A560F27AB4D67006B853E /* Build configuration list for PBXNativeTarget "FlixNewUITests" */ = {
			isa = XCConfigurationList;
			buildConfigurations = (
				4E9A561027AB4D67006B853E /* Debug */,
				4E9A561127AB4D67006B853E /* Release */,
			);
			defaultConfigurationIsVisible = 0;
			defaultConfigurationName = Release;
		};
/* End XCConfigurationList section */
	};
	rootObject = 4E9A55D727AB4D66006B853E /* Project object */;
}
